
Microsoft Visual Studio Solution File, Format Version 12.00
# Visual Studio 14
VisualStudioVersion = 14.0.24720.0
MinimumVisualStudioVersion = 10.0.40219.1
Project("{FAE04EC0-301F-11D3-BF4B-00C04F79EFBC}") = "Toc.RobotElectronics.EthRly16", "Toc.RobotElectronics.EthRly16\Toc.RobotElectronics.EthRly16.csproj", "{F1F9094E-BA99-48D3-A244-CA10D660FEE3}"
EndProject
Project("{FAE04EC0-301F-11D3-BF4B-00C04F79EFBC}") = "Toc.RobotElectronics.EthRly16.ConsoleTest", "Toc.RobotElectronics.EthRly16.ConsoleTest\Toc.RobotElectronics.EthRly16.ConsoleTest.csproj", "{03F9677E-C16E-4450-A495-002FCE5288AA}"
EndProject
Global
	GlobalSection(SolutionConfigurationPlatforms) = preSolution
		Debug|Any CPU = Debug|Any CPU
		Release|Any CPU = Release|Any CPU
	EndGlobalSection
	GlobalSection(ProjectConfigurationPlatforms) = postSolution
		{F1F9094E-BA99-48D3-A244-CA10D660FEE3}.Debug|Any CPU.ActiveCfg = Debug|Any CPU
		{F1F9094E-BA99-48D3-A244-CA10D660FEE3}.Debug|Any CPU.Build.0 = Debug|Any CPU
		{F1F9094E-BA99-48D3-A244-CA10D660FEE3}.Release|Any CPU.ActiveCfg = Release|Any CPU
		{F1F9094E-BA99-48D3-A244-CA10D660FEE3}.Release|Any CPU.Build.0 = Release|Any CPU
		{03F9677E-C16E-4450-A495-002FCE5288AA}.Debug|Any CPU.ActiveCfg = Debug|Any CPU
		{03F9677E-C16E-4450-A495-002FCE5288AA}.Debug|Any CPU.Build.0 = Debug|Any CPU
		{03F9677E-C16E-4450-A495-002FCE5288AA}.Release|Any CPU.ActiveCfg = Release|Any CPU
		{03F9677E-C16E-4450-A495-002FCE5288AA}.Release|Any CPU.Build.0 = Release|Any CPU
	EndGlobalSection
	GlobalSection(SolutionProperties) = preSolution
		HideSolutionNode = FALSE
	EndGlobalSection
	GlobalSection(TeamFoundationVersionControl) = preSolution
		SccNumberOfProjects = 3
		SccEnterpriseProvider = {4CA58AB2-18FA-4F8D-95D4-32DDF27D184C}
		SccTeamFoundationServer = https://theorangecurtain.visualstudio.com/defaultcollection
		SccLocalPath0 = .
		SccProjectUniqueName1 = Toc.RobotElectronics.EthRly16\\Toc.RobotElectronics.EthRly16.csproj
		SccProjectName1 = Toc.RobotElectronics.EthRly16
		SccLocalPath1 = Toc.RobotElectronics.EthRly16
		SccProjectUniqueName2 = Toc.RobotElectronics.EthRly16.ConsoleTest\\Toc.RobotElectronics.EthRly16.ConsoleTest.csproj
		SccProjectName2 = Toc.RobotElectronics.EthRly16.ConsoleTest
		SccLocalPath2 = Toc.RobotElectronics.EthRly16.ConsoleTest
	EndGlobalSection
EndGlobal
